
Microsoft Visual Studio Solution File, Format Version 12.00
# Visual Studio 15
Project("{FAE04EC0-301F-11D3-BF4B-00C04F79EFBC}") = "Castle", "Castle.csproj", "{776E8B25-9BCD-149E-B1AA-FFC9168E6C75}"
EndProject
Project("{FAE04EC0-301F-11D3-BF4B-00C04F79EFBC}") = "Castle.Plugins", "Castle.Plugins.csproj", "{AD9C45E7-2956-0773-CED1-BA6FB9CB7919}"
EndProject
Project("{FAE04EC0-301F-11D3-BF4B-00C04F79EFBC}") = "Castle.Editor", "Castle.Editor.csproj", "{65534823-A9EA-EEEF-CFA7-B473B472FF54}"
EndProject
Global
	GlobalSection(SolutionConfigurationPlatforms) = preSolution
		Debug|Any CPU = Debug|Any CPU
		Release|Any CPU = Release|Any CPU
	EndGlobalSection
	GlobalSection(ProjectConfigurationPlatforms) = postSolution
		{776E8B25-9BCD-149E-B1AA-FFC9168E6C75}.Debug|Any CPU.ActiveCfg = Debug|Any CPU
		{776E8B25-9BCD-149E-B1AA-FFC9168E6C75}.Debug|Any CPU.Build.0 = Debug|Any CPU
		{776E8B25-9BCD-149E-B1AA-FFC9168E6C75}.Release|Any CPU.ActiveCfg = Release|Any CPU
		{776E8B25-9BCD-149E-B1AA-FFC9168E6C75}.Release|Any CPU.Build.0 = Release|Any CPU
		{AD9C45E7-2956-0773-CED1-BA6FB9CB7919}.Debug|Any CPU.ActiveCfg = Debug|Any CPU
		{AD9C45E7-2956-0773-CED1-BA6FB9CB7919}.Debug|Any CPU.Build.0 = Debug|Any CPU
		{AD9C45E7-2956-0773-CED1-BA6FB9CB7919}.Release|Any CPU.ActiveCfg = Release|Any CPU
		{AD9C45E7-2956-0773-CED1-BA6FB9CB7919}.Release|Any CPU.Build.0 = Release|Any CPU
		{65534823-A9EA-EEEF-CFA7-B473B472FF54}.Debug|Any CPU.ActiveCfg = Debug|Any CPU
		{65534823-A9EA-EEEF-CFA7-B473B472FF54}.Debug|Any CPU.Build.0 = Debug|Any CPU
		{65534823-A9EA-EEEF-CFA7-B473B472FF54}.Release|Any CPU.ActiveCfg = Release|Any CPU
		{65534823-A9EA-EEEF-CFA7-B473B472FF54}.Release|Any CPU.Build.0 = Release|Any CPU
	EndGlobalSection
	GlobalSection(SolutionProperties) = preSolution
		HideSolutionNode = FALSE
	EndGlobalSection
EndGlobal
