
Microsoft Visual Studio Solution File, Format Version 12.00
# Visual Studio 15
Project("{FAE04EC0-301F-11D3-BF4B-00C04F79EFBC}") = "Citadel", "Citadel.csproj", "{84443344-F536-7A22-7795-31CF6D4AC5CE}"
EndProject
Project("{FAE04EC0-301F-11D3-BF4B-00C04F79EFBC}") = "Citadel.Plugins", "Citadel.Plugins.csproj", "{BF1FA0E3-0531-77E9-84DD-03781C6C72BD}"
EndProject
Project("{FAE04EC0-301F-11D3-BF4B-00C04F79EFBC}") = "Citadel.Editor", "Citadel.Editor.csproj", "{D70E34B2-6CCA-A192-D824-AC4EF7B2DA70}"
EndProject
Global
	GlobalSection(SolutionConfigurationPlatforms) = preSolution
		Debug|Any CPU = Debug|Any CPU
		Release|Any CPU = Release|Any CPU
	EndGlobalSection
	GlobalSection(ProjectConfigurationPlatforms) = postSolution
		{84443344-F536-7A22-7795-31CF6D4AC5CE}.Debug|Any CPU.ActiveCfg = Debug|Any CPU
		{84443344-F536-7A22-7795-31CF6D4AC5CE}.Debug|Any CPU.Build.0 = Debug|Any CPU
		{84443344-F536-7A22-7795-31CF6D4AC5CE}.Release|Any CPU.ActiveCfg = Release|Any CPU
		{84443344-F536-7A22-7795-31CF6D4AC5CE}.Release|Any CPU.Build.0 = Release|Any CPU
		{BF1FA0E3-0531-77E9-84DD-03781C6C72BD}.Debug|Any CPU.ActiveCfg = Debug|Any CPU
		{BF1FA0E3-0531-77E9-84DD-03781C6C72BD}.Debug|Any CPU.Build.0 = Debug|Any CPU
		{BF1FA0E3-0531-77E9-84DD-03781C6C72BD}.Release|Any CPU.ActiveCfg = Release|Any CPU
		{BF1FA0E3-0531-77E9-84DD-03781C6C72BD}.Release|Any CPU.Build.0 = Release|Any CPU
		{D70E34B2-6CCA-A192-D824-AC4EF7B2DA70}.Debug|Any CPU.ActiveCfg = Debug|Any CPU
		{D70E34B2-6CCA-A192-D824-AC4EF7B2DA70}.Debug|Any CPU.Build.0 = Debug|Any CPU
		{D70E34B2-6CCA-A192-D824-AC4EF7B2DA70}.Release|Any CPU.ActiveCfg = Release|Any CPU
		{D70E34B2-6CCA-A192-D824-AC4EF7B2DA70}.Release|Any CPU.Build.0 = Release|Any CPU
	EndGlobalSection
	GlobalSection(SolutionProperties) = preSolution
		HideSolutionNode = FALSE
	EndGlobalSection
EndGlobal
